// !$*UTF8*$!
{
	archiveVersion = 1;
	classes = {
	};
	objectVersion = 46;
	objects = {

/* Begin PBXBuildFile section */
		909211B31DDA76560048409B /* SelectionViewViewController.swift in Sources */ = {isa = PBXBuildFile; fileRef = 909211B21DDA76560048409B /* SelectionViewViewController.swift */; };
		909211B51DDA77630048409B /* SearchTableViewController.swift in Sources */ = {isa = PBXBuildFile; fileRef = 909211B41DDA77630048409B /* SearchTableViewController.swift */; };
		909211B71DDA807C0048409B /* Title.swift in Sources */ = {isa = PBXBuildFile; fileRef = 909211B61DDA807C0048409B /* Title.swift */; };
		909211BB1DDA81000048409B /* Title+CoreDataProperties.swift in Sources */ = {isa = PBXBuildFile; fileRef = 909211BA1DDA81000048409B /* Title+CoreDataProperties.swift */; };
		9096163C1DD1389200B001FD /* AppDelegate.swift in Sources */ = {isa = PBXBuildFile; fileRef = 9096163B1DD1389200B001FD /* AppDelegate.swift */; };
		9096163E1DD1389200B001FD /* ViewController.swift in Sources */ = {isa = PBXBuildFile; fileRef = 9096163D1DD1389200B001FD /* ViewController.swift */; };
		909616411DD1389300B001FD /* Main.storyboard in Resources */ = {isa = PBXBuildFile; fileRef = 9096163F1DD1389300B001FD /* Main.storyboard */; };
		909616441DD1389300B001FD /* Backlog.xcdatamodeld in Sources */ = {isa = PBXBuildFile; fileRef = 909616421DD1389300B001FD /* Backlog.xcdatamodeld */; };
		909616461DD1389300B001FD /* Assets.xcassets in Resources */ = {isa = PBXBuildFile; fileRef = 909616451DD1389300B001FD /* Assets.xcassets */; };
		909616491DD1389300B001FD /* LaunchScreen.storyboard in Resources */ = {isa = PBXBuildFile; fileRef = 909616471DD1389300B001FD /* LaunchScreen.storyboard */; };
		909616521DD1421B00B001FD /* Backlog.png in Resources */ = {isa = PBXBuildFile; fileRef = 909616511DD1421B00B001FD /* Backlog.png */; };
		909616551DD1430200B001FD /* bottom.jpg in Resources */ = {isa = PBXBuildFile; fileRef = 909616531DD1430200B001FD /* bottom.jpg */; };
		909616561DD1430200B001FD /* stack.JPG in Resources */ = {isa = PBXBuildFile; fileRef = 909616541DD1430200B001FD /* stack.JPG */; };
/* End PBXBuildFile section */

/* Begin PBXFileReference section */
		909211B21DDA76560048409B /* SelectionViewViewController.swift */ = {isa = PBXFileReference; fileEncoding = 4; lastKnownFileType = sourcecode.swift; name = SelectionViewViewController.swift; path = ../SelectionViewViewController.swift; sourceTree = "<group>"; };
		909211B41DDA77630048409B /* SearchTableViewController.swift */ = {isa = PBXFileReference; fileEncoding = 4; lastKnownFileType = sourcecode.swift; path = SearchTableViewController.swift; sourceTree = "<group>"; };
		909211B61DDA807C0048409B /* Title.swift */ = {isa = PBXFileReference; fileEncoding = 4; lastKnownFileType = sourcecode.swift; path = Title.swift; sourceTree = "<group>"; };
		909211BA1DDA81000048409B /* Title+CoreDataProperties.swift */ = {isa = PBXFileReference; fileEncoding = 4; lastKnownFileType = sourcecode.swift; path = "Title+CoreDataProperties.swift"; sourceTree = "<group>"; };
		909616381DD1389200B001FD /* Backlog.app */ = {isa = PBXFileReference; explicitFileType = wrapper.application; includeInIndex = 0; path = Backlog.app; sourceTree = BUILT_PRODUCTS_DIR; };
		9096163B1DD1389200B001FD /* AppDelegate.swift */ = {isa = PBXFileReference; lastKnownFileType = sourcecode.swift; path = AppDelegate.swift; sourceTree = "<group>"; };
		9096163D1DD1389200B001FD /* ViewController.swift */ = {isa = PBXFileReference; lastKnownFileType = sourcecode.swift; path = ViewController.swift; sourceTree = "<group>"; };
		909616401DD1389300B001FD /* Base */ = {isa = PBXFileReference; lastKnownFileType = file.storyboard; name = Base; path = Base.lproj/Main.storyboard; sourceTree = "<group>"; };
		909616431DD1389300B001FD /* Backlog.xcdatamodel */ = {isa = PBXFileReference; lastKnownFileType = wrapper.xcdatamodel; path = Backlog.xcdatamodel; sourceTree = "<group>"; };
		909616451DD1389300B001FD /* Assets.xcassets */ = {isa = PBXFileReference; lastKnownFileType = folder.assetcatalog; path = Assets.xcassets; sourceTree = "<group>"; };
		909616481DD1389300B001FD /* Base */ = {isa = PBXFileReference; lastKnownFileType = file.storyboard; name = Base; path = Base.lproj/LaunchScreen.storyboard; sourceTree = "<group>"; };
		9096164A1DD1389300B001FD /* Info.plist */ = {isa = PBXFileReference; lastKnownFileType = text.plist.xml; path = Info.plist; sourceTree = "<group>"; };
		909616511DD1421B00B001FD /* Backlog.png */ = {isa = PBXFileReference; lastKnownFileType = image.png; path = Backlog.png; sourceTree = "<group>"; };
		909616531DD1430200B001FD /* bottom.jpg */ = {isa = PBXFileReference; lastKnownFileType = image.jpeg; path = bottom.jpg; sourceTree = "<group>"; };
		909616541DD1430200B001FD /* stack.JPG */ = {isa = PBXFileReference; lastKnownFileType = image.jpeg; path = stack.JPG; sourceTree = "<group>"; };
/* End PBXFileReference section */

/* Begin PBXFrameworksBuildPhase section */
		909616351DD1389200B001FD /* Frameworks */ = {
			isa = PBXFrameworksBuildPhase;
			buildActionMask = 2147483647;
			files = (
			);
			runOnlyForDeploymentPostprocessing = 0;
		};
/* End PBXFrameworksBuildPhase section */

/* Begin PBXGroup section */
		9096162F1DD1389200B001FD = {
			isa = PBXGroup;
			children = (
				909211BA1DDA81000048409B /* Title+CoreDataProperties.swift */,
				909211B61DDA807C0048409B /* Title.swift */,
				909616501DD140BB00B001FD /* Images */,
				9096163A1DD1389200B001FD /* Backlog */,
				909616391DD1389200B001FD /* Products */,
			);
			sourceTree = "<group>";
		};
		909616391DD1389200B001FD /* Products */ = {
			isa = PBXGroup;
			children = (
				909616381DD1389200B001FD /* Backlog.app */,
			);
			name = Products;
			sourceTree = "<group>";
		};
		9096163A1DD1389200B001FD /* Backlog */ = {
			isa = PBXGroup;
			children = (
				909211B21DDA76560048409B /* SelectionViewViewController.swift */,
				9096163B1DD1389200B001FD /* AppDelegate.swift */,
				9096163D1DD1389200B001FD /* ViewController.swift */,
				9096163F1DD1389300B001FD /* Main.storyboard */,
				909616451DD1389300B001FD /* Assets.xcassets */,
				909616471DD1389300B001FD /* LaunchScreen.storyboard */,
				9096164A1DD1389300B001FD /* Info.plist */,
				909616421DD1389300B001FD /* Backlog.xcdatamodeld */,
				909211B41DDA77630048409B /* SearchTableViewController.swift */,
			);
			path = Backlog;
			sourceTree = "<group>";
		};
		909616501DD140BB00B001FD /* Images */ = {
			isa = PBXGroup;
			children = (
				909616531DD1430200B001FD /* bottom.jpg */,
				909616541DD1430200B001FD /* stack.JPG */,
				909616511DD1421B00B001FD /* Backlog.png */,
			);
			name = Images;
			sourceTree = "<group>";
		};
/* End PBXGroup section */

/* Begin PBXNativeTarget section */
		909616371DD1389200B001FD /* Backlog */ = {
			isa = PBXNativeTarget;
			buildConfigurationList = 9096164D1DD1389300B001FD /* Build configuration list for PBXNativeTarget "Backlog" */;
			buildPhases = (
				909616341DD1389200B001FD /* Sources */,
				909616351DD1389200B001FD /* Frameworks */,
				909616361DD1389200B001FD /* Resources */,
			);
			buildRules = (
			);
			dependencies = (
			);
			name = Backlog;
			productName = Backlog;
			productReference = 909616381DD1389200B001FD /* Backlog.app */;
			productType = "com.apple.product-type.application";
		};
/* End PBXNativeTarget section */

/* Begin PBXProject section */
		909616301DD1389200B001FD /* Project object */ = {
			isa = PBXProject;
			attributes = {
				LastSwiftUpdateCheck = 0730;
				LastUpgradeCheck = 0730;
				ORGANIZATIONNAME = "Rock Valley College";
				TargetAttributes = {
					909616371DD1389200B001FD = {
						CreatedOnToolsVersion = 7.3.1;
					};
				};
			};
			buildConfigurationList = 909616331DD1389200B001FD /* Build configuration list for PBXProject "Backlog" */;
			compatibilityVersion = "Xcode 3.2";
			developmentRegion = English;
			hasScannedForEncodings = 0;
			knownRegions = (
				en,
				Base,
			);
			mainGroup = 9096162F1DD1389200B001FD;
			productRefGroup = 909616391DD1389200B001FD /* Products */;
			projectDirPath = "";
			projectRoot = "";
			targets = (
				909616371DD1389200B001FD /* Backlog */,
			);
		};
/* End PBXProject section */

/* Begin PBXResourcesBuildPhase section */
		909616361DD1389200B001FD /* Resources */ = {
			isa = PBXResourcesBuildPhase;
			buildActionMask = 2147483647;
			files = (
				909616491DD1389300B001FD /* LaunchScreen.storyboard in Resources */,
				909616521DD1421B00B001FD /* Backlog.png in Resources */,
				909616461DD1389300B001FD /* Assets.xcassets in Resources */,
				909616411DD1389300B001FD /* Main.storyboard in Resources */,
				909616561DD1430200B001FD /* stack.JPG in Resources */,
				909616551DD1430200B001FD /* bottom.jpg in Resources */,
			);
			runOnlyForDeploymentPostprocessing = 0;
		};
/* End PBXResourcesBuildPhase section */

/* Begin PBXSourcesBuildPhase section */
		909616341DD1389200B001FD /* Sources */ = {
			isa = PBXSourcesBuildPhase;
			buildActionMask = 2147483647;
			files = (
				909211B31DDA76560048409B /* SelectionViewViewController.swift in Sources */,
				9096163E1DD1389200B001FD /* ViewController.swift in Sources */,
				909211B51DDA77630048409B /* SearchTableViewController.swift in Sources */,
				9096163C1DD1389200B001FD /* AppDelegate.swift in Sources */,
				909211B71DDA807C0048409B /* Title.swift in Sources */,
				909616441DD1389300B001FD /* Backlog.xcdatamodeld in Sources */,
				909211BB1DDA81000048409B /* Title+CoreDataProperties.swift in Sources */,
			);
			runOnlyForDeploymentPostprocessing = 0;
		};
/* End PBXSourcesBuildPhase section */

/* Begin PBXVariantGroup section */
		9096163F1DD1389300B001FD /* Main.storyboard */ = {
			isa = PBXVariantGroup;
			children = (
				909616401DD1389300B001FD /* Base */,
			);
			name = Main.storyboard;
			sourceTree = "<group>";
		};
		909616471DD1389300B001FD /* LaunchScreen.storyboard */ = {
			isa = PBXVariantGroup;
			children = (
				909616481DD1389300B001FD /* Base */,
			);
			name = LaunchScreen.storyboard;
			sourceTree = "<group>";
		};
/* End PBXVariantGroup section */

/* Begin XCBuildConfiguration section */
		9096164B1DD1389300B001FD /* Debug */ = {
			isa = XCBuildConfiguration;
			buildSettings = {
				ALWAYS_SEARCH_USER_PATHS = NO;
				CLANG_ANALYZER_NONNULL = YES;
				CLANG_CXX_LANGUAGE_STANDARD = "gnu++0x";
				CLANG_CXX_LIBRARY = "libc++";
				CLANG_ENABLE_MODULES = YES;
				CLANG_ENABLE_OBJC_ARC = YES;
				CLANG_WARN_BOOL_CONVERSION = YES;
				CLANG_WARN_CONSTANT_CONVERSION = YES;
				CLANG_WARN_DIRECT_OBJC_ISA_USAGE = YES_ERROR;
				CLANG_WARN_EMPTY_BODY = YES;
				CLANG_WARN_ENUM_CONVERSION = YES;
				CLANG_WARN_INT_CONVERSION = YES;
				CLANG_WARN_OBJC_ROOT_CLASS = YES_ERROR;
				CLANG_WARN_UNREACHABLE_CODE = YES;
				CLANG_WARN__DUPLICATE_METHOD_MATCH = YES;
				"CODE_SIGN_IDENTITY[sdk=iphoneos*]" = "iPhone Developer";
				COPY_PHASE_STRIP = NO;
				DEBUG_INFORMATION_FORMAT = dwarf;
				ENABLE_STRICT_OBJC_MSGSEND = YES;
				ENABLE_TESTABILITY = YES;
				GCC_C_LANGUAGE_STANDARD = gnu99;
				GCC_DYNAMIC_NO_PIC = NO;
				GCC_NO_COMMON_BLOCKS = YES;
				GCC_OPTIMIZATION_LEVEL = 0;
				GCC_PREPROCESSOR_DEFINITIONS = (
					"DEBUG=1",
					"$(inherited)",
				);
				GCC_WARN_64_TO_32_BIT_CONVERSION = YES;
				GCC_WARN_ABOUT_RETURN_TYPE = YES_ERROR;
				GCC_WARN_UNDECLARED_SELECTOR = YES;
				GCC_WARN_UNINITIALIZED_AUTOS = YES_AGGRESSIVE;
				GCC_WARN_UNUSED_FUNCTION = YES;
				GCC_WARN_UNUSED_VARIABLE = YES;
				IPHONEOS_DEPLOYMENT_TARGET = 9.3;
				MTL_ENABLE_DEBUG_INFO = YES;
				ONLY_ACTIVE_ARCH = YES;
				SDKROOT = iphoneos;
				SWIFT_OPTIMIZATION_LEVEL = "-Onone";
				TARGETED_DEVICE_FAMILY = "1,2";
			};
			name = Debug;
		};
		9096164C1DD1389300B001FD /* Release */ = {
			isa = XCBuildConfiguration;
			buildSettings = {
				ALWAYS_SEARCH_USER_PATHS = NO;
				CLANG_ANALYZER_NONNULL = YES;
				CLANG_CXX_LANGUAGE_STANDARD = "gnu++0x";
				CLANG_CXX_LIBRARY = "libc++";
				CLANG_ENABLE_MODULES = YES;
				CLANG_ENABLE_OBJC_ARC = YES;
				CLANG_WARN_BOOL_CONVERSION = YES;
				CLANG_WARN_CONSTANT_CONVERSION = YES;
				CLANG_WARN_DIRECT_OBJC_ISA_USAGE = YES_ERROR;
				CLANG_WARN_EMPTY_BODY = YES;
				CLANG_WARN_ENUM_CONVERSION = YES;
				CLANG_WARN_INT_CONVERSION = YES;
				CLANG_WARN_OBJC_ROOT_CLASS = YES_ERROR;
				CLANG_WARN_UNREACHABLE_CODE = YES;
				CLANG_WARN__DUPLICATE_METHOD_MATCH = YES;
				"CODE_SIGN_IDENTITY[sdk=iphoneos*]" = "iPhone Developer";
				COPY_PHASE_STRIP = NO;
				DEBUG_INFORMATION_FORMAT = "dwarf-with-dsym";
				ENABLE_NS_ASSERTIONS = NO;
				ENABLE_STRICT_OBJC_MSGSEND = YES;
				GCC_C_LANGUAGE_STANDARD = gnu99;
				GCC_NO_COMMON_BLOCKS = YES;
				GCC_WARN_64_TO_32_BIT_CONVERSION = YES;
				GCC_WARN_ABOUT_RETURN_TYPE = YES_ERROR;
				GCC_WARN_UNDECLARED_SELECTOR = YES;
				GCC_WARN_UNINITIALIZED_AUTOS = YES_AGGRESSIVE;
				GCC_WARN_UNUSED_FUNCTION = YES;
				GCC_WARN_UNUSED_VARIABLE = YES;
				IPHONEOS_DEPLOYMENT_TARGET = 9.3;
				MTL_ENABLE_DEBUG_INFO = NO;
				SDKROOT = iphoneos;
				TARGETED_DEVICE_FAMILY = "1,2";
				VALIDATE_PRODUCT = YES;
			};
			name = Release;
		};
		9096164E1DD1389300B001FD /* Debug */ = {
			isa = XCBuildConfiguration;
			buildSettings = {
				ASSETCATALOG_COMPILER_APPICON_NAME = AppIcon;
				INFOPLIST_FILE = Backlog/Info.plist;
				LD_RUNPATH_SEARCH_PATHS = "$(inherited) @executable_path/Frameworks";
				PRODUCT_BUNDLE_IDENTIFIER = edu.RockValleyCollege.Backlog;
				PRODUCT_NAME = "$(TARGET_NAME)";
			};
			name = Debug;
		};
		9096164F1DD1389300B001FD /* Release */ = {
			isa = XCBuildConfiguration;
			buildSettings = {
				ASSETCATALOG_COMPILER_APPICON_NAME = AppIcon;
				INFOPLIST_FILE = Backlog/Info.plist;
				LD_RUNPATH_SEARCH_PATHS = "$(inherited) @executable_path/Frameworks";
				PRODUCT_BUNDLE_IDENTIFIER = edu.RockValleyCollege.Backlog;
				PRODUCT_NAME = "$(TARGET_NAME)";
			};
			name = Release;
		};
/* End XCBuildConfiguration section */

/* Begin XCConfigurationList section */
		909616331DD1389200B001FD /* Build configuration list for PBXProject "Backlog" */ = {
			isa = XCConfigurationList;
			buildConfigurations = (
				9096164B1DD1389300B001FD /* Debug */,
				9096164C1DD1389300B001FD /* Release */,
			);
			defaultConfigurationIsVisible = 0;
			defaultConfigurationName = Release;
		};
		9096164D1DD1389300B001FD /* Build configuration list for PBXNativeTarget "Backlog" */ = {
			isa = XCConfigurationList;
			buildConfigurations = (
				9096164E1DD1389300B001FD /* Debug */,
				9096164F1DD1389300B001FD /* Release */,
			);
			defaultConfigurationIsVisible = 0;
			defaultConfigurationName = Release;
		};
/* End XCConfigurationList section */

/* Begin XCVersionGroup section */
		909616421DD1389300B001FD /* Backlog.xcdatamodeld */ = {
			isa = XCVersionGroup;
			children = (
				909616431DD1389300B001FD /* Backlog.xcdatamodel */,
			);
			currentVersion = 909616431DD1389300B001FD /* Backlog.xcdatamodel */;
			path = Backlog.xcdatamodeld;
			sourceTree = "<group>";
			versionGroupType = wrapper.xcdatamodel;
		};
/* End XCVersionGroup section */
	};
	rootObject = 909616301DD1389200B001FD /* Project object */;
}
